
Microsoft Visual Studio Solution File, Format Version 12.00
# Visual Studio Version 16
VisualStudioVersion = 16.0.30114.105
MinimumVisualStudioVersion = 10.0.40219.1
Project("{FAE04EC0-301F-11D3-BF4B-00C04F79EFBC}") = "BlazorDay", "BlazorDay\BlazorDay.csproj", "{F33DDC89-2F90-462B-9006-2AB9683FE39A}"
EndProject
Global
	GlobalSection(SolutionConfigurationPlatforms) = preSolution
		Debug|Any CPU = Debug|Any CPU
		Release|Any CPU = Release|Any CPU
	EndGlobalSection
	GlobalSection(ProjectConfigurationPlatforms) = postSolution
		{F33DDC89-2F90-462B-9006-2AB9683FE39A}.Debug|Any CPU.ActiveCfg = Debug|Any CPU
		{F33DDC89-2F90-462B-9006-2AB9683FE39A}.Debug|Any CPU.Build.0 = Debug|Any CPU
		{F33DDC89-2F90-462B-9006-2AB9683FE39A}.Release|Any CPU.ActiveCfg = Release|Any CPU
		{F33DDC89-2F90-462B-9006-2AB9683FE39A}.Release|Any CPU.Build.0 = Release|Any CPU
	EndGlobalSection
	GlobalSection(SolutionProperties) = preSolution
		HideSolutionNode = FALSE
	EndGlobalSection
	GlobalSection(ExtensibilityGlobals) = postSolution
		SolutionGuid = {8C2D8146-BB0C-4CE4-9B0C-C3836CB74F4E}
	EndGlobalSection
EndGlobal
