
Microsoft Visual Studio Solution File, Format Version 12.00
# Visual Studio Version 16
VisualStudioVersion = 16.0.30114.105
MinimumVisualStudioVersion = 10.0.40219.1
Project("{9A19103F-16F7-4668-BE54-9A1E7A4F7556}") = "BlazorArtisan.Net5", "BlazorArtisan.Net5\BlazorArtisan.Net5.csproj", "{EA641EBD-4CCA-4EEC-B24D-30AC8A5CFFEF}"
EndProject
Global
	GlobalSection(SolutionConfigurationPlatforms) = preSolution
		Debug|Any CPU = Debug|Any CPU
		Release|Any CPU = Release|Any CPU
	EndGlobalSection
	GlobalSection(ProjectConfigurationPlatforms) = postSolution
		{EA641EBD-4CCA-4EEC-B24D-30AC8A5CFFEF}.Debug|Any CPU.ActiveCfg = Debug|Any CPU
		{EA641EBD-4CCA-4EEC-B24D-30AC8A5CFFEF}.Debug|Any CPU.Build.0 = Debug|Any CPU
		{EA641EBD-4CCA-4EEC-B24D-30AC8A5CFFEF}.Release|Any CPU.ActiveCfg = Release|Any CPU
		{EA641EBD-4CCA-4EEC-B24D-30AC8A5CFFEF}.Release|Any CPU.Build.0 = Release|Any CPU
	EndGlobalSection
	GlobalSection(SolutionProperties) = preSolution
		HideSolutionNode = FALSE
	EndGlobalSection
	GlobalSection(ExtensibilityGlobals) = postSolution
		SolutionGuid = {8C2D8146-BB0C-4CE4-9B0C-C3836CB74F4E}
	EndGlobalSection
EndGlobal
